// !$*UTF8*$!
{
	archiveVersion = 1;
	classes = {
	};
	objectVersion = 52;
	objects = {

/* Begin PBXBuildFile section */
		3E89004E25E5A0DA003AEF71 /* SmartHouseChesnikovApp.swift in Sources */ = {isa = PBXBuildFile; fileRef = 3E89004D25E5A0DA003AEF71 /* SmartHouseChesnikovApp.swift */; };
		3E89005025E5A0DA003AEF71 /* ContentView.swift in Sources */ = {isa = PBXBuildFile; fileRef = 3E89004F25E5A0DA003AEF71 /* ContentView.swift */; };
		3E89005225E5A0DD003AEF71 /* Assets.xcassets in Resources */ = {isa = PBXBuildFile; fileRef = 3E89005125E5A0DD003AEF71 /* Assets.xcassets */; };
		3E89005525E5A0DD003AEF71 /* Preview Assets.xcassets in Resources */ = {isa = PBXBuildFile; fileRef = 3E89005425E5A0DD003AEF71 /* Preview Assets.xcassets */; };
		3E89008F25E5A1DB003AEF71 /* APIErrors.swift in Sources */ = {isa = PBXBuildFile; fileRef = 3E89007C25E5A1DB003AEF71 /* APIErrors.swift */; };
		3E89009025E5A1DB003AEF71 /* HomeEndpoint.swift in Sources */ = {isa = PBXBuildFile; fileRef = 3E89007E25E5A1DB003AEF71 /* HomeEndpoint.swift */; };
		3E89009125E5A1DB003AEF71 /* HomeModel.swift in Sources */ = {isa = PBXBuildFile; fileRef = 3E89008025E5A1DB003AEF71 /* HomeModel.swift */; };
		3E89009225E5A1DB003AEF71 /* HomeViewModel.swift in Sources */ = {isa = PBXBuildFile; fileRef = 3E89008225E5A1DB003AEF71 /* HomeViewModel.swift */; };
		3E89009325E5A1DB003AEF71 /* HomeService.swift in Sources */ = {isa = PBXBuildFile; fileRef = 3E89008425E5A1DB003AEF71 /* HomeService.swift */; };
		3E89009425E5A1DB003AEF71 /* HomeHeightHelper.swift in Sources */ = {isa = PBXBuildFile; fileRef = 3E89008625E5A1DB003AEF71 /* HomeHeightHelper.swift */; };
		3E89009525E5A1DB003AEF71 /* ResultState.swift in Sources */ = {isa = PBXBuildFile; fileRef = 3E89008825E5A1DB003AEF71 /* ResultState.swift */; };
		3E89009625E5A1DB003AEF71 /* BaseView.swift in Sources */ = {isa = PBXBuildFile; fileRef = 3E89008A25E5A1DB003AEF71 /* BaseView.swift */; };
		3E89009725E5A1DB003AEF71 /* ProgressiveView.swift in Sources */ = {isa = PBXBuildFile; fileRef = 3E89008B25E5A1DB003AEF71 /* ProgressiveView.swift */; };
		3E89009A25E5A1DB003AEF71 /* ErrorView.swift in Sources */ = {isa = PBXBuildFile; fileRef = 3E89008E25E5A1DB003AEF71 /* ErrorView.swift */; };
		3E89009E25E5A220003AEF71 /* Neumorphic in Frameworks */ = {isa = PBXBuildFile; productRef = 3E89009D25E5A220003AEF71 /* Neumorphic */; };
		3E8900A225E5A244003AEF71 /* SwiftUICharts in Frameworks */ = {isa = PBXBuildFile; productRef = 3E8900A125E5A244003AEF71 /* SwiftUICharts */; };
		3E8900A925E86554003AEF71 /* HomeView.swift in Sources */ = {isa = PBXBuildFile; fileRef = 3E8900A825E86554003AEF71 /* HomeView.swift */; };
		3E8900AC25E868F4003AEF71 /* SensorView.swift in Sources */ = {isa = PBXBuildFile; fileRef = 3E8900AB25E868F4003AEF71 /* SensorView.swift */; };
		3E8900B525EA6169003AEF71 /* SettingsView.swift in Sources */ = {isa = PBXBuildFile; fileRef = 3E8900B425EA6169003AEF71 /* SettingsView.swift */; };
		3E8900BB25EC5824003AEF71 /* ProfileView.swift in Sources */ = {isa = PBXBuildFile; fileRef = 3E8900BA25EC5824003AEF71 /* ProfileView.swift */; };
		3EABB12C25F4717D007FCD66 /* SmartHouseChesnikovTests.swift in Sources */ = {isa = PBXBuildFile; fileRef = 3EABB12B25F4717D007FCD66 /* SmartHouseChesnikovTests.swift */; };
		3EABB13725F8621A007FCD66 /* UIImage.swift in Sources */ = {isa = PBXBuildFile; fileRef = 3EABB13625F8621A007FCD66 /* UIImage.swift */; };
		3EABB13B25F8625B007FCD66 /* QRHelper.swift in Sources */ = {isa = PBXBuildFile; fileRef = 3EABB13A25F8625B007FCD66 /* QRHelper.swift */; };
		3EABB13F25F865E6007FCD66 /* SettingsService.swift in Sources */ = {isa = PBXBuildFile; fileRef = 3EABB13E25F865E6007FCD66 /* SettingsService.swift */; };
		3EABB14325F86624007FCD66 /* SettingsEndpoin.swift in Sources */ = {isa = PBXBuildFile; fileRef = 3EABB14225F86624007FCD66 /* SettingsEndpoin.swift */; };
		3EABB14725F86642007FCD66 /* ProfileEndpoin.swift in Sources */ = {isa = PBXBuildFile; fileRef = 3EABB14625F86642007FCD66 /* ProfileEndpoin.swift */; };
		3EABB14C25F8670E007FCD66 /* APIBuilder.swift in Sources */ = {isa = PBXBuildFile; fileRef = 3EABB14B25F8670E007FCD66 /* APIBuilder.swift */; };
		3EABB15225F8673A007FCD66 /* SensorModel.swift in Sources */ = {isa = PBXBuildFile; fileRef = 3EABB15125F8673A007FCD66 /* SensorModel.swift */; };
		3EABB15625F86753007FCD66 /* SensorType.swift in Sources */ = {isa = PBXBuildFile; fileRef = 3EABB15525F86753007FCD66 /* SensorType.swift */; };
		3EABB15A25F86764007FCD66 /* SettingsModel.swift in Sources */ = {isa = PBXBuildFile; fileRef = 3EABB15925F86764007FCD66 /* SettingsModel.swift */; };
		3EABB15E25F8676D007FCD66 /* ProfileModel.swift in Sources */ = {isa = PBXBuildFile; fileRef = 3EABB15D25F8676D007FCD66 /* ProfileModel.swift */; };
		3EABB16225F86C35007FCD66 /* SettingsViewModel.swift in Sources */ = {isa = PBXBuildFile; fileRef = 3EABB16125F86C35007FCD66 /* SettingsViewModel.swift */; };
		3EABB16625F86D75007FCD66 /* SettingsState.swift in Sources */ = {isa = PBXBuildFile; fileRef = 3EABB16525F86D75007FCD66 /* SettingsState.swift */; };
		3EABB16A25F86F15007FCD66 /* ProgressiveSettingsView.swift in Sources */ = {isa = PBXBuildFile; fileRef = 3EABB16925F86F15007FCD66 /* ProgressiveSettingsView.swift */; };
		3EABB17025F872D6007FCD66 /* ProfileService.swift in Sources */ = {isa = PBXBuildFile; fileRef = 3EABB16F25F872D6007FCD66 /* ProfileService.swift */; };
		3EABB17525F897F5007FCD66 /* URLImage in Frameworks */ = {isa = PBXBuildFile; productRef = 3EABB17425F897F5007FCD66 /* URLImage */; };
		3EABB17925F89B16007FCD66 /* ProfileState.swift in Sources */ = {isa = PBXBuildFile; fileRef = 3EABB17825F89B16007FCD66 /* ProfileState.swift */; };
		3EABB17D25F89BF1007FCD66 /* ProgressiveProfileView.swift in Sources */ = {isa = PBXBuildFile; fileRef = 3EABB17C25F89BF1007FCD66 /* ProgressiveProfileView.swift */; };
/* End PBXBuildFile section */

/* Begin PBXContainerItemProxy section */
		3EABB12E25F4717D007FCD66 /* PBXContainerItemProxy */ = {
			isa = PBXContainerItemProxy;
			containerPortal = 3E89004225E5A0DA003AEF71 /* Project object */;
			proxyType = 1;
			remoteGlobalIDString = 3E89004925E5A0DA003AEF71;
			remoteInfo = SmartHouseChesnikov;
		};
/* End PBXContainerItemProxy section */

/* Begin PBXFileReference section */
		3E89004A25E5A0DA003AEF71 /* SmartHouseChesnikov.app */ = {isa = PBXFileReference; explicitFileType = wrapper.application; includeInIndex = 0; path = SmartHouseChesnikov.app; sourceTree = BUILT_PRODUCTS_DIR; };
		3E89004D25E5A0DA003AEF71 /* SmartHouseChesnikovApp.swift */ = {isa = PBXFileReference; lastKnownFileType = sourcecode.swift; path = SmartHouseChesnikovApp.swift; sourceTree = "<group>"; };
		3E89004F25E5A0DA003AEF71 /* ContentView.swift */ = {isa = PBXFileReference; lastKnownFileType = sourcecode.swift; path = ContentView.swift; sourceTree = "<group>"; };
		3E89005125E5A0DD003AEF71 /* Assets.xcassets */ = {isa = PBXFileReference; lastKnownFileType = folder.assetcatalog; path = Assets.xcassets; sourceTree = "<group>"; };
		3E89005425E5A0DD003AEF71 /* Preview Assets.xcassets */ = {isa = PBXFileReference; lastKnownFileType = folder.assetcatalog; path = "Preview Assets.xcassets"; sourceTree = "<group>"; };
		3E89005625E5A0DD003AEF71 /* Info.plist */ = {isa = PBXFileReference; lastKnownFileType = text.plist.xml; path = Info.plist; sourceTree = "<group>"; };
		3E89007C25E5A1DB003AEF71 /* APIErrors.swift */ = {isa = PBXFileReference; fileEncoding = 4; lastKnownFileType = sourcecode.swift; path = APIErrors.swift; sourceTree = "<group>"; };
		3E89007E25E5A1DB003AEF71 /* HomeEndpoint.swift */ = {isa = PBXFileReference; fileEncoding = 4; lastKnownFileType = sourcecode.swift; path = HomeEndpoint.swift; sourceTree = "<group>"; };
		3E89008025E5A1DB003AEF71 /* HomeModel.swift */ = {isa = PBXFileReference; fileEncoding = 4; lastKnownFileType = sourcecode.swift; path = HomeModel.swift; sourceTree = "<group>"; };
		3E89008225E5A1DB003AEF71 /* HomeViewModel.swift */ = {isa = PBXFileReference; fileEncoding = 4; lastKnownFileType = sourcecode.swift; path = HomeViewModel.swift; sourceTree = "<group>"; };
		3E89008425E5A1DB003AEF71 /* HomeService.swift */ = {isa = PBXFileReference; fileEncoding = 4; lastKnownFileType = sourcecode.swift; path = HomeService.swift; sourceTree = "<group>"; };
		3E89008625E5A1DB003AEF71 /* HomeHeightHelper.swift */ = {isa = PBXFileReference; fileEncoding = 4; lastKnownFileType = sourcecode.swift; path = HomeHeightHelper.swift; sourceTree = "<group>"; };
		3E89008825E5A1DB003AEF71 /* ResultState.swift */ = {isa = PBXFileReference; fileEncoding = 4; lastKnownFileType = sourcecode.swift; path = ResultState.swift; sourceTree = "<group>"; };
		3E89008A25E5A1DB003AEF71 /* BaseView.swift */ = {isa = PBXFileReference; fileEncoding = 4; lastKnownFileType = sourcecode.swift; path = BaseView.swift; sourceTree = "<group>"; };
		3E89008B25E5A1DB003AEF71 /* ProgressiveView.swift */ = {isa = PBXFileReference; fileEncoding = 4; lastKnownFileType = sourcecode.swift; path = ProgressiveView.swift; sourceTree = "<group>"; };
		3E89008E25E5A1DB003AEF71 /* ErrorView.swift */ = {isa = PBXFileReference; fileEncoding = 4; lastKnownFileType = sourcecode.swift; path = ErrorView.swift; sourceTree = "<group>"; };
		3E8900A825E86554003AEF71 /* HomeView.swift */ = {isa = PBXFileReference; fileEncoding = 4; lastKnownFileType = sourcecode.swift; path = HomeView.swift; sourceTree = "<group>"; };
		3E8900AB25E868F4003AEF71 /* SensorView.swift */ = {isa = PBXFileReference; lastKnownFileType = sourcecode.swift; path = SensorView.swift; sourceTree = "<group>"; };
		3E8900B425EA6169003AEF71 /* SettingsView.swift */ = {isa = PBXFileReference; lastKnownFileType = sourcecode.swift; path = SettingsView.swift; sourceTree = "<group>"; };
		3E8900B725EC557A003AEF71 /* SmartHouseChesnikov.entitlements */ = {isa = PBXFileReference; lastKnownFileType = text.plist.entitlements; path = SmartHouseChesnikov.entitlements; sourceTree = "<group>"; };
		3E8900BA25EC5824003AEF71 /* ProfileView.swift */ = {isa = PBXFileReference; lastKnownFileType = sourcecode.swift; path = ProfileView.swift; sourceTree = "<group>"; };
		3EABB12925F4717D007FCD66 /* SmartHouseChesnikovTests.xctest */ = {isa = PBXFileReference; explicitFileType = wrapper.cfbundle; includeInIndex = 0; path = SmartHouseChesnikovTests.xctest; sourceTree = BUILT_PRODUCTS_DIR; };
		3EABB12B25F4717D007FCD66 /* SmartHouseChesnikovTests.swift */ = {isa = PBXFileReference; lastKnownFileType = sourcecode.swift; path = SmartHouseChesnikovTests.swift; sourceTree = "<group>"; };
		3EABB12D25F4717D007FCD66 /* Info.plist */ = {isa = PBXFileReference; lastKnownFileType = text.plist.xml; path = Info.plist; sourceTree = "<group>"; };
		3EABB13625F8621A007FCD66 /* UIImage.swift */ = {isa = PBXFileReference; lastKnownFileType = sourcecode.swift; path = UIImage.swift; sourceTree = "<group>"; };
		3EABB13A25F8625B007FCD66 /* QRHelper.swift */ = {isa = PBXFileReference; lastKnownFileType = sourcecode.swift; path = QRHelper.swift; sourceTree = "<group>"; };
		3EABB13E25F865E6007FCD66 /* SettingsService.swift */ = {isa = PBXFileReference; lastKnownFileType = sourcecode.swift; path = SettingsService.swift; sourceTree = "<group>"; };
		3EABB14225F86624007FCD66 /* SettingsEndpoin.swift */ = {isa = PBXFileReference; lastKnownFileType = sourcecode.swift; path = SettingsEndpoin.swift; sourceTree = "<group>"; };
		3EABB14625F86642007FCD66 /* ProfileEndpoin.swift */ = {isa = PBXFileReference; lastKnownFileType = sourcecode.swift; path = ProfileEndpoin.swift; sourceTree = "<group>"; };
		3EABB14B25F8670E007FCD66 /* APIBuilder.swift */ = {isa = PBXFileReference; lastKnownFileType = sourcecode.swift; path = APIBuilder.swift; sourceTree = "<group>"; };
		3EABB15125F8673A007FCD66 /* SensorModel.swift */ = {isa = PBXFileReference; lastKnownFileType = sourcecode.swift; path = SensorModel.swift; sourceTree = "<group>"; };
		3EABB15525F86753007FCD66 /* SensorType.swift */ = {isa = PBXFileReference; lastKnownFileType = sourcecode.swift; path = SensorType.swift; sourceTree = "<group>"; };
		3EABB15925F86764007FCD66 /* SettingsModel.swift */ = {isa = PBXFileReference; lastKnownFileType = sourcecode.swift; path = SettingsModel.swift; sourceTree = "<group>"; };
		3EABB15D25F8676D007FCD66 /* ProfileModel.swift */ = {isa = PBXFileReference; lastKnownFileType = sourcecode.swift; path = ProfileModel.swift; sourceTree = "<group>"; };
		3EABB16125F86C35007FCD66 /* SettingsViewModel.swift */ = {isa = PBXFileReference; lastKnownFileType = sourcecode.swift; path = SettingsViewModel.swift; sourceTree = "<group>"; };
		3EABB16525F86D75007FCD66 /* SettingsState.swift */ = {isa = PBXFileReference; lastKnownFileType = sourcecode.swift; path = SettingsState.swift; sourceTree = "<group>"; };
		3EABB16925F86F15007FCD66 /* ProgressiveSettingsView.swift */ = {isa = PBXFileReference; lastKnownFileType = sourcecode.swift; path = ProgressiveSettingsView.swift; sourceTree = "<group>"; };
		3EABB16F25F872D6007FCD66 /* ProfileService.swift */ = {isa = PBXFileReference; lastKnownFileType = sourcecode.swift; path = ProfileService.swift; sourceTree = "<group>"; };
		3EABB17825F89B16007FCD66 /* ProfileState.swift */ = {isa = PBXFileReference; lastKnownFileType = sourcecode.swift; path = ProfileState.swift; sourceTree = "<group>"; };
		3EABB17C25F89BF1007FCD66 /* ProgressiveProfileView.swift */ = {isa = PBXFileReference; lastKnownFileType = sourcecode.swift; path = ProgressiveProfileView.swift; sourceTree = "<group>"; };
/* End PBXFileReference section */

/* Begin PBXFrameworksBuildPhase section */
		3E89004725E5A0DA003AEF71 /* Frameworks */ = {
			isa = PBXFrameworksBuildPhase;
			buildActionMask = 2147483647;
			files = (
				3E89009E25E5A220003AEF71 /* Neumorphic in Frameworks */,
				3EABB17525F897F5007FCD66 /* URLImage in Frameworks */,
				3E8900A225E5A244003AEF71 /* SwiftUICharts in Frameworks */,
			);
			runOnlyForDeploymentPostprocessing = 0;
		};
		3EABB12625F4717D007FCD66 /* Frameworks */ = {
			isa = PBXFrameworksBuildPhase;
			buildActionMask = 2147483647;
			files = (
			);
			runOnlyForDeploymentPostprocessing = 0;
		};
/* End PBXFrameworksBuildPhase section */

/* Begin PBXGroup section */
		3E89004125E5A0DA003AEF71 = {
			isa = PBXGroup;
			children = (
				3E89004C25E5A0DA003AEF71 /* SmartHouseChesnikov */,
				3EABB12A25F4717D007FCD66 /* SmartHouseChesnikovTests */,
				3E89004B25E5A0DA003AEF71 /* Products */,
			);
			sourceTree = "<group>";
		};
		3E89004B25E5A0DA003AEF71 /* Products */ = {
			isa = PBXGroup;
			children = (
				3E89004A25E5A0DA003AEF71 /* SmartHouseChesnikov.app */,
				3EABB12925F4717D007FCD66 /* SmartHouseChesnikovTests.xctest */,
			);
			name = Products;
			sourceTree = "<group>";
		};
		3E89004C25E5A0DA003AEF71 /* SmartHouseChesnikov */ = {
			isa = PBXGroup;
			children = (
				3E8900B725EC557A003AEF71 /* SmartHouseChesnikov.entitlements */,
				3EABB14A25F866F3007FCD66 /* Builders */,
				3EABB13525F86208007FCD66 /* Extensions */,
				3E89007D25E5A1DB003AEF71 /* Endpoints */,
				3E89007B25E5A1DB003AEF71 /* Errors */,
				3E89008525E5A1DB003AEF71 /* Helpers */,
				3E89007F25E5A1DB003AEF71 /* Models */,
				3E89008325E5A1DB003AEF71 /* Services */,
				3E89008725E5A1DB003AEF71 /* States */,
				3E89008125E5A1DB003AEF71 /* ViewModels */,
				3E89008925E5A1DB003AEF71 /* Views */,
				3E89004D25E5A0DA003AEF71 /* SmartHouseChesnikovApp.swift */,
				3E89004F25E5A0DA003AEF71 /* ContentView.swift */,
				3E89005125E5A0DD003AEF71 /* Assets.xcassets */,
				3E89005625E5A0DD003AEF71 /* Info.plist */,
				3E89005325E5A0DD003AEF71 /* Preview Content */,
			);
			path = SmartHouseChesnikov;
			sourceTree = "<group>";
		};
		3E89005325E5A0DD003AEF71 /* Preview Content */ = {
			isa = PBXGroup;
			children = (
				3E89005425E5A0DD003AEF71 /* Preview Assets.xcassets */,
			);
			path = "Preview Content";
			sourceTree = "<group>";
		};
		3E89007B25E5A1DB003AEF71 /* Errors */ = {
			isa = PBXGroup;
			children = (
				3E89007C25E5A1DB003AEF71 /* APIErrors.swift */,
			);
			path = Errors;
			sourceTree = "<group>";
		};
		3E89007D25E5A1DB003AEF71 /* Endpoints */ = {
			isa = PBXGroup;
			children = (
				3E89007E25E5A1DB003AEF71 /* HomeEndpoint.swift */,
				3EABB14225F86624007FCD66 /* SettingsEndpoin.swift */,
				3EABB14625F86642007FCD66 /* ProfileEndpoin.swift */,
			);
			path = Endpoints;
			sourceTree = "<group>";
		};
		3E89007F25E5A1DB003AEF71 /* Models */ = {
			isa = PBXGroup;
			children = (
				3E89008025E5A1DB003AEF71 /* HomeModel.swift */,
				3EABB15125F8673A007FCD66 /* SensorModel.swift */,
				3EABB15525F86753007FCD66 /* SensorType.swift */,
				3EABB15925F86764007FCD66 /* SettingsModel.swift */,
				3EABB15D25F8676D007FCD66 /* ProfileModel.swift */,
			);
			path = Models;
			sourceTree = "<group>";
		};
		3E89008125E5A1DB003AEF71 /* ViewModels */ = {
			isa = PBXGroup;
			children = (
				3E89008225E5A1DB003AEF71 /* HomeViewModel.swift */,
				3EABB16125F86C35007FCD66 /* SettingsViewModel.swift */,
			);
			path = ViewModels;
			sourceTree = "<group>";
		};
		3E89008325E5A1DB003AEF71 /* Services */ = {
			isa = PBXGroup;
			children = (
				3E89008425E5A1DB003AEF71 /* HomeService.swift */,
				3EABB13E25F865E6007FCD66 /* SettingsService.swift */,
				3EABB16F25F872D6007FCD66 /* ProfileService.swift */,
			);
			path = Services;
			sourceTree = "<group>";
		};
		3E89008525E5A1DB003AEF71 /* Helpers */ = {
			isa = PBXGroup;
			children = (
				3E89008625E5A1DB003AEF71 /* HomeHeightHelper.swift */,
				3EABB13A25F8625B007FCD66 /* QRHelper.swift */,
			);
			path = Helpers;
			sourceTree = "<group>";
		};
		3E89008725E5A1DB003AEF71 /* States */ = {
			isa = PBXGroup;
			children = (
				3E89008825E5A1DB003AEF71 /* ResultState.swift */,
				3EABB16525F86D75007FCD66 /* SettingsState.swift */,
				3EABB17825F89B16007FCD66 /* ProfileState.swift */,
			);
			path = States;
			sourceTree = "<group>";
		};
		3E89008925E5A1DB003AEF71 /* Views */ = {
			isa = PBXGroup;
			children = (
				3E89008A25E5A1DB003AEF71 /* BaseView.swift */,
				3E89008B25E5A1DB003AEF71 /* ProgressiveView.swift */,
				3EABB16925F86F15007FCD66 /* ProgressiveSettingsView.swift */,
				3EABB17C25F89BF1007FCD66 /* ProgressiveProfileView.swift */,
				3E89008E25E5A1DB003AEF71 /* ErrorView.swift */,
				3E8900A825E86554003AEF71 /* HomeView.swift */,
				3E8900AB25E868F4003AEF71 /* SensorView.swift */,
				3E8900B425EA6169003AEF71 /* SettingsView.swift */,
				3E8900BA25EC5824003AEF71 /* ProfileView.swift */,
			);
			path = Views;
			sourceTree = "<group>";
		};
		3EABB12A25F4717D007FCD66 /* SmartHouseChesnikovTests */ = {
			isa = PBXGroup;
			children = (
				3EABB12B25F4717D007FCD66 /* SmartHouseChesnikovTests.swift */,
				3EABB12D25F4717D007FCD66 /* Info.plist */,
			);
			path = SmartHouseChesnikovTests;
			sourceTree = "<group>";
		};
		3EABB13525F86208007FCD66 /* Extensions */ = {
			isa = PBXGroup;
			children = (
				3EABB13625F8621A007FCD66 /* UIImage.swift */,
			);
			path = Extensions;
			sourceTree = "<group>";
		};
		3EABB14A25F866F3007FCD66 /* Builders */ = {
			isa = PBXGroup;
			children = (
				3EABB14B25F8670E007FCD66 /* APIBuilder.swift */,
			);
			path = Builders;
			sourceTree = "<group>";
		};
/* End PBXGroup section */

/* Begin PBXNativeTarget section */
		3E89004925E5A0DA003AEF71 /* SmartHouseChesnikov */ = {
			isa = PBXNativeTarget;
			buildConfigurationList = 3E89005925E5A0DD003AEF71 /* Build configuration list for PBXNativeTarget "SmartHouseChesnikov" */;
			buildPhases = (
				3E89004625E5A0DA003AEF71 /* Sources */,
				3E89004725E5A0DA003AEF71 /* Frameworks */,
				3E89004825E5A0DA003AEF71 /* Resources */,
			);
			buildRules = (
			);
			dependencies = (
			);
			name = SmartHouseChesnikov;
			packageProductDependencies = (
				3E89009D25E5A220003AEF71 /* Neumorphic */,
				3E8900A125E5A244003AEF71 /* SwiftUICharts */,
				3EABB17425F897F5007FCD66 /* URLImage */,
			);
			productName = SmartHouseChesnikov;
			productReference = 3E89004A25E5A0DA003AEF71 /* SmartHouseChesnikov.app */;
			productType = "com.apple.product-type.application";
		};
		3EABB12825F4717D007FCD66 /* SmartHouseChesnikovTests */ = {
			isa = PBXNativeTarget;
			buildConfigurationList = 3EABB13225F4717D007FCD66 /* Build configuration list for PBXNativeTarget "SmartHouseChesnikovTests" */;
			buildPhases = (
				3EABB12525F4717D007FCD66 /* Sources */,
				3EABB12625F4717D007FCD66 /* Frameworks */,
				3EABB12725F4717D007FCD66 /* Resources */,
			);
			buildRules = (
			);
			dependencies = (
				3EABB12F25F4717D007FCD66 /* PBXTargetDependency */,
			);
			name = SmartHouseChesnikovTests;
			productName = SmartHouseChesnikovTests;
			productReference = 3EABB12925F4717D007FCD66 /* SmartHouseChesnikovTests.xctest */;
			productType = "com.apple.product-type.bundle.unit-test";
		};
/* End PBXNativeTarget section */

/* Begin PBXProject section */
		3E89004225E5A0DA003AEF71 /* Project object */ = {
			isa = PBXProject;
			attributes = {
				LastSwiftUpdateCheck = 1230;
				LastUpgradeCheck = 1230;
				TargetAttributes = {
					3E89004925E5A0DA003AEF71 = {
						CreatedOnToolsVersion = 12.3;
					};
					3EABB12825F4717D007FCD66 = {
						CreatedOnToolsVersion = 12.3;
						TestTargetID = 3E89004925E5A0DA003AEF71;
					};
				};
			};
			buildConfigurationList = 3E89004525E5A0DA003AEF71 /* Build configuration list for PBXProject "SmartHouseChesnikov" */;
			compatibilityVersion = "Xcode 9.3";
			developmentRegion = en;
			hasScannedForEncodings = 0;
			knownRegions = (
				en,
				Base,
			);
			mainGroup = 3E89004125E5A0DA003AEF71;
			packageReferences = (
				3E89009C25E5A220003AEF71 /* XCRemoteSwiftPackageReference "neumorphic" */,
				3E8900A025E5A244003AEF71 /* XCRemoteSwiftPackageReference "ChartView" */,
				3EABB17325F897F5007FCD66 /* XCRemoteSwiftPackageReference "url-image" */,
			);
			productRefGroup = 3E89004B25E5A0DA003AEF71 /* Products */;
			projectDirPath = "";
			projectRoot = "";
			targets = (
				3E89004925E5A0DA003AEF71 /* SmartHouseChesnikov */,
				3EABB12825F4717D007FCD66 /* SmartHouseChesnikovTests */,
			);
		};
/* End PBXProject section */

/* Begin PBXResourcesBuildPhase section */
		3E89004825E5A0DA003AEF71 /* Resources */ = {
			isa = PBXResourcesBuildPhase;
			buildActionMask = 2147483647;
			files = (
				3E89005525E5A0DD003AEF71 /* Preview Assets.xcassets in Resources */,
				3E89005225E5A0DD003AEF71 /* Assets.xcassets in Resources */,
			);
			runOnlyForDeploymentPostprocessing = 0;
		};
		3EABB12725F4717D007FCD66 /* Resources */ = {
			isa = PBXResourcesBuildPhase;
			buildActionMask = 2147483647;
			files = (
			);
			runOnlyForDeploymentPostprocessing = 0;
		};
/* End PBXResourcesBuildPhase section */

/* Begin PBXSourcesBuildPhase section */
		3E89004625E5A0DA003AEF71 /* Sources */ = {
			isa = PBXSourcesBuildPhase;
			buildActionMask = 2147483647;
			files = (
				3E8900B525EA6169003AEF71 /* SettingsView.swift in Sources */,
				3E89005025E5A0DA003AEF71 /* ContentView.swift in Sources */,
				3E89009225E5A1DB003AEF71 /* HomeViewModel.swift in Sources */,
				3EABB17925F89B16007FCD66 /* ProfileState.swift in Sources */,
				3EABB14325F86624007FCD66 /* SettingsEndpoin.swift in Sources */,
				3E89009525E5A1DB003AEF71 /* ResultState.swift in Sources */,
				3EABB14725F86642007FCD66 /* ProfileEndpoin.swift in Sources */,
				3EABB15A25F86764007FCD66 /* SettingsModel.swift in Sources */,
				3E89009625E5A1DB003AEF71 /* BaseView.swift in Sources */,
				3EABB16625F86D75007FCD66 /* SettingsState.swift in Sources */,
				3E89009125E5A1DB003AEF71 /* HomeModel.swift in Sources */,
				3EABB13B25F8625B007FCD66 /* QRHelper.swift in Sources */,
				3EABB13725F8621A007FCD66 /* UIImage.swift in Sources */,
				3E89009325E5A1DB003AEF71 /* HomeService.swift in Sources */,
				3E89009725E5A1DB003AEF71 /* ProgressiveView.swift in Sources */,
				3EABB15E25F8676D007FCD66 /* ProfileModel.swift in Sources */,
				3EABB15225F8673A007FCD66 /* SensorModel.swift in Sources */,
				3E8900BB25EC5824003AEF71 /* ProfileView.swift in Sources */,
				3E89004E25E5A0DA003AEF71 /* SmartHouseChesnikovApp.swift in Sources */,
				3EABB15625F86753007FCD66 /* SensorType.swift in Sources */,
				3E8900AC25E868F4003AEF71 /* SensorView.swift in Sources */,
				3E89008F25E5A1DB003AEF71 /* APIErrors.swift in Sources */,
				3E89009025E5A1DB003AEF71 /* HomeEndpoint.swift in Sources */,
				3E89009A25E5A1DB003AEF71 /* ErrorView.swift in Sources */,
				3E89009425E5A1DB003AEF71 /* HomeHeightHelper.swift in Sources */,
				3E8900A925E86554003AEF71 /* HomeView.swift in Sources */,
				3EABB16A25F86F15007FCD66 /* ProgressiveSettingsView.swift in Sources */,
				3EABB14C25F8670E007FCD66 /* APIBuilder.swift in Sources */,
				3EABB17D25F89BF1007FCD66 /* ProgressiveProfileView.swift in Sources */,
				3EABB13F25F865E6007FCD66 /* SettingsService.swift in Sources */,
				3EABB16225F86C35007FCD66 /* SettingsViewModel.swift in Sources */,
				3EABB17025F872D6007FCD66 /* ProfileService.swift in Sources */,
			);
			runOnlyForDeploymentPostprocessing = 0;
		};
		3EABB12525F4717D007FCD66 /* Sources */ = {
			isa = PBXSourcesBuildPhase;
			buildActionMask = 2147483647;
			files = (
				3EABB12C25F4717D007FCD66 /* SmartHouseChesnikovTests.swift in Sources */,
			);
			runOnlyForDeploymentPostprocessing = 0;
		};
/* End PBXSourcesBuildPhase section */

/* Begin PBXTargetDependency section */
		3EABB12F25F4717D007FCD66 /* PBXTargetDependency */ = {
			isa = PBXTargetDependency;
			target = 3E89004925E5A0DA003AEF71 /* SmartHouseChesnikov */;
			targetProxy = 3EABB12E25F4717D007FCD66 /* PBXContainerItemProxy */;
		};
/* End PBXTargetDependency section */

/* Begin XCBuildConfiguration section */
		3E89005725E5A0DD003AEF71 /* Debug */ = {
			isa = XCBuildConfiguration;
			buildSettings = {
				ALWAYS_SEARCH_USER_PATHS = NO;
				CLANG_ANALYZER_NONNULL = YES;
				CLANG_ANALYZER_NUMBER_OBJECT_CONVERSION = YES_AGGRESSIVE;
				CLANG_CXX_LANGUAGE_STANDARD = "gnu++14";
				CLANG_CXX_LIBRARY = "libc++";
				CLANG_ENABLE_MODULES = YES;
				CLANG_ENABLE_OBJC_ARC = YES;
				CLANG_ENABLE_OBJC_WEAK = YES;
				CLANG_WARN_BLOCK_CAPTURE_AUTORELEASING = YES;
				CLANG_WARN_BOOL_CONVERSION = YES;
				CLANG_WARN_COMMA = YES;
				CLANG_WARN_CONSTANT_CONVERSION = YES;
				CLANG_WARN_DEPRECATED_OBJC_IMPLEMENTATIONS = YES;
				CLANG_WARN_DIRECT_OBJC_ISA_USAGE = YES_ERROR;
				CLANG_WARN_DOCUMENTATION_COMMENTS = YES;
				CLANG_WARN_EMPTY_BODY = YES;
				CLANG_WARN_ENUM_CONVERSION = YES;
				CLANG_WARN_INFINITE_RECURSION = YES;
				CLANG_WARN_INT_CONVERSION = YES;
				CLANG_WARN_NON_LITERAL_NULL_CONVERSION = YES;
				CLANG_WARN_OBJC_IMPLICIT_RETAIN_SELF = YES;
				CLANG_WARN_OBJC_LITERAL_CONVERSION = YES;
				CLANG_WARN_OBJC_ROOT_CLASS = YES_ERROR;
				CLANG_WARN_QUOTED_INCLUDE_IN_FRAMEWORK_HEADER = YES;
				CLANG_WARN_RANGE_LOOP_ANALYSIS = YES;
				CLANG_WARN_STRICT_PROTOTYPES = YES;
				CLANG_WARN_SUSPICIOUS_MOVE = YES;
				CLANG_WARN_UNGUARDED_AVAILABILITY = YES_AGGRESSIVE;
				CLANG_WARN_UNREACHABLE_CODE = YES;
				CLANG_WARN__DUPLICATE_METHOD_MATCH = YES;
				COPY_PHASE_STRIP = NO;
				DEBUG_INFORMATION_FORMAT = dwarf;
				ENABLE_STRICT_OBJC_MSGSEND = YES;
				ENABLE_TESTABILITY = YES;
				GCC_C_LANGUAGE_STANDARD = gnu11;
				GCC_DYNAMIC_NO_PIC = NO;
				GCC_NO_COMMON_BLOCKS = YES;
				GCC_OPTIMIZATION_LEVEL = 0;
				GCC_PREPROCESSOR_DEFINITIONS = (
					"DEBUG=1",
					"$(inherited)",
				);
				GCC_WARN_64_TO_32_BIT_CONVERSION = YES;
				GCC_WARN_ABOUT_RETURN_TYPE = YES_ERROR;
				GCC_WARN_UNDECLARED_SELECTOR = YES;
				GCC_WARN_UNINITIALIZED_AUTOS = YES_AGGRESSIVE;
				GCC_WARN_UNUSED_FUNCTION = YES;
				GCC_WARN_UNUSED_VARIABLE = YES;
				IPHONEOS_DEPLOYMENT_TARGET = 14.3;
				MTL_ENABLE_DEBUG_INFO = INCLUDE_SOURCE;
				MTL_FAST_MATH = YES;
				ONLY_ACTIVE_ARCH = YES;
				SDKROOT = iphoneos;
				SWIFT_ACTIVE_COMPILATION_CONDITIONS = DEBUG;
				SWIFT_OPTIMIZATION_LEVEL = "-Onone";
			};
			name = Debug;
		};
		3E89005825E5A0DD003AEF71 /* Release */ = {
			isa = XCBuildConfiguration;
			buildSettings = {
				ALWAYS_SEARCH_USER_PATHS = NO;
				CLANG_ANALYZER_NONNULL = YES;
				CLANG_ANALYZER_NUMBER_OBJECT_CONVERSION = YES_AGGRESSIVE;
				CLANG_CXX_LANGUAGE_STANDARD = "gnu++14";
				CLANG_CXX_LIBRARY = "libc++";
				CLANG_ENABLE_MODULES = YES;
				CLANG_ENABLE_OBJC_ARC = YES;
				CLANG_ENABLE_OBJC_WEAK = YES;
				CLANG_WARN_BLOCK_CAPTURE_AUTORELEASING = YES;
				CLANG_WARN_BOOL_CONVERSION = YES;
				CLANG_WARN_COMMA = YES;
				CLANG_WARN_CONSTANT_CONVERSION = YES;
				CLANG_WARN_DEPRECATED_OBJC_IMPLEMENTATIONS = YES;
				CLANG_WARN_DIRECT_OBJC_ISA_USAGE = YES_ERROR;
				CLANG_WARN_DOCUMENTATION_COMMENTS = YES;
				CLANG_WARN_EMPTY_BODY = YES;
				CLANG_WARN_ENUM_CONVERSION = YES;
				CLANG_WARN_INFINITE_RECURSION = YES;
				CLANG_WARN_INT_CONVERSION = YES;
				CLANG_WARN_NON_LITERAL_NULL_CONVERSION = YES;
				CLANG_WARN_OBJC_IMPLICIT_RETAIN_SELF = YES;
				CLANG_WARN_OBJC_LITERAL_CONVERSION = YES;
				CLANG_WARN_OBJC_ROOT_CLASS = YES_ERROR;
				CLANG_WARN_QUOTED_INCLUDE_IN_FRAMEWORK_HEADER = YES;
				CLANG_WARN_RANGE_LOOP_ANALYSIS = YES;
				CLANG_WARN_STRICT_PROTOTYPES = YES;
				CLANG_WARN_SUSPICIOUS_MOVE = YES;
				CLANG_WARN_UNGUARDED_AVAILABILITY = YES_AGGRESSIVE;
				CLANG_WARN_UNREACHABLE_CODE = YES;
				CLANG_WARN__DUPLICATE_METHOD_MATCH = YES;
				COPY_PHASE_STRIP = NO;
				DEBUG_INFORMATION_FORMAT = "dwarf-with-dsym";
				ENABLE_NS_ASSERTIONS = NO;
				ENABLE_STRICT_OBJC_MSGSEND = YES;
				GCC_C_LANGUAGE_STANDARD = gnu11;
				GCC_NO_COMMON_BLOCKS = YES;
				GCC_WARN_64_TO_32_BIT_CONVERSION = YES;
				GCC_WARN_ABOUT_RETURN_TYPE = YES_ERROR;
				GCC_WARN_UNDECLARED_SELECTOR = YES;
				GCC_WARN_UNINITIALIZED_AUTOS = YES_AGGRESSIVE;
				GCC_WARN_UNUSED_FUNCTION = YES;
				GCC_WARN_UNUSED_VARIABLE = YES;
				IPHONEOS_DEPLOYMENT_TARGET = 14.3;
				MTL_ENABLE_DEBUG_INFO = NO;
				MTL_FAST_MATH = YES;
				SDKROOT = iphoneos;
				SWIFT_COMPILATION_MODE = wholemodule;
				SWIFT_OPTIMIZATION_LEVEL = "-O";
				VALIDATE_PRODUCT = YES;
			};
			name = Release;
		};
		3E89005A25E5A0DD003AEF71 /* Debug */ = {
			isa = XCBuildConfiguration;
			buildSettings = {
				ASSETCATALOG_COMPILER_APPICON_NAME = AppIcon;
				ASSETCATALOG_COMPILER_GLOBAL_ACCENT_COLOR_NAME = AccentColor;
				CODE_SIGN_ENTITLEMENTS = SmartHouseChesnikov/SmartHouseChesnikov.entitlements;
				CODE_SIGN_STYLE = Automatic;
				DEVELOPMENT_ASSET_PATHS = "\"SmartHouseChesnikov/Preview Content\"";
				DEVELOPMENT_TEAM = 274RF4F6D5;
				ENABLE_PREVIEWS = YES;
				INFOPLIST_FILE = SmartHouseChesnikov/Info.plist;
				IPHONEOS_DEPLOYMENT_TARGET = 14.0;
				LD_RUNPATH_SEARCH_PATHS = (
					"$(inherited)",
					"@executable_path/Frameworks",
				);
				PRODUCT_BUNDLE_IDENTIFIER = com.maxches.SmartHouseChesnikov;
				PRODUCT_NAME = "$(TARGET_NAME)";
				SUPPORTS_MACCATALYST = YES;
				SWIFT_VERSION = 5.0;
				TARGETED_DEVICE_FAMILY = "1,2,6";
			};
			name = Debug;
		};
		3E89005B25E5A0DD003AEF71 /* Release */ = {
			isa = XCBuildConfiguration;
			buildSettings = {
				ASSETCATALOG_COMPILER_APPICON_NAME = AppIcon;
				ASSETCATALOG_COMPILER_GLOBAL_ACCENT_COLOR_NAME = AccentColor;
				CODE_SIGN_ENTITLEMENTS = SmartHouseChesnikov/SmartHouseChesnikov.entitlements;
				CODE_SIGN_STYLE = Automatic;
				DEVELOPMENT_ASSET_PATHS = "\"SmartHouseChesnikov/Preview Content\"";
				DEVELOPMENT_TEAM = 274RF4F6D5;
				ENABLE_PREVIEWS = YES;
				INFOPLIST_FILE = SmartHouseChesnikov/Info.plist;
				IPHONEOS_DEPLOYMENT_TARGET = 14.0;
				LD_RUNPATH_SEARCH_PATHS = (
					"$(inherited)",
					"@executable_path/Frameworks",
				);
				PRODUCT_BUNDLE_IDENTIFIER = com.maxches.SmartHouseChesnikov;
				PRODUCT_NAME = "$(TARGET_NAME)";
				SUPPORTS_MACCATALYST = YES;
				SWIFT_VERSION = 5.0;
				TARGETED_DEVICE_FAMILY = "1,2,6";
			};
			name = Release;
		};
		3EABB13025F4717D007FCD66 /* Debug */ = {
			isa = XCBuildConfiguration;
			buildSettings = {
				BUNDLE_LOADER = "$(TEST_HOST)";
				CODE_SIGN_STYLE = Automatic;
				DEVELOPMENT_TEAM = 274RF4F6D5;
				INFOPLIST_FILE = SmartHouseChesnikovTests/Info.plist;
				LD_RUNPATH_SEARCH_PATHS = (
					"$(inherited)",
					"@executable_path/Frameworks",
					"@loader_path/Frameworks",
				);
				PRODUCT_BUNDLE_IDENTIFIER = com.maxches.SmartHouseChesnikovTests;
				PRODUCT_NAME = "$(TARGET_NAME)";
				SWIFT_VERSION = 5.0;
				TARGETED_DEVICE_FAMILY = "1,2";
				TEST_HOST = "$(BUILT_PRODUCTS_DIR)/SmartHouseChesnikov.app/SmartHouseChesnikov";
			};
			name = Debug;
		};
		3EABB13125F4717D007FCD66 /* Release */ = {
			isa = XCBuildConfiguration;
			buildSettings = {
				BUNDLE_LOADER = "$(TEST_HOST)";
				CODE_SIGN_STYLE = Automatic;
				DEVELOPMENT_TEAM = 274RF4F6D5;
				INFOPLIST_FILE = SmartHouseChesnikovTests/Info.plist;
				LD_RUNPATH_SEARCH_PATHS = (
					"$(inherited)",
					"@executable_path/Frameworks",
					"@loader_path/Frameworks",
				);
				PRODUCT_BUNDLE_IDENTIFIER = com.maxches.SmartHouseChesnikovTests;
				PRODUCT_NAME = "$(TARGET_NAME)";
				SWIFT_VERSION = 5.0;
				TARGETED_DEVICE_FAMILY = "1,2";
				TEST_HOST = "$(BUILT_PRODUCTS_DIR)/SmartHouseChesnikov.app/SmartHouseChesnikov";
			};
			name = Release;
		};
/* End XCBuildConfiguration section */

/* Begin XCConfigurationList section */
		3E89004525E5A0DA003AEF71 /* Build configuration list for PBXProject "SmartHouseChesnikov" */ = {
			isa = XCConfigurationList;
			buildConfigurations = (
				3E89005725E5A0DD003AEF71 /* Debug */,
				3E89005825E5A0DD003AEF71 /* Release */,
			);
			defaultConfigurationIsVisible = 0;
			defaultConfigurationName = Release;
		};
		3E89005925E5A0DD003AEF71 /* Build configuration list for PBXNativeTarget "SmartHouseChesnikov" */ = {
			isa = XCConfigurationList;
			buildConfigurations = (
				3E89005A25E5A0DD003AEF71 /* Debug */,
				3E89005B25E5A0DD003AEF71 /* Release */,
			);
			defaultConfigurationIsVisible = 0;
			defaultConfigurationName = Release;
		};
		3EABB13225F4717D007FCD66 /* Build configuration list for PBXNativeTarget "SmartHouseChesnikovTests" */ = {
			isa = XCConfigurationList;
			buildConfigurations = (
				3EABB13025F4717D007FCD66 /* Debug */,
				3EABB13125F4717D007FCD66 /* Release */,
			);
			defaultConfigurationIsVisible = 0;
			defaultConfigurationName = Release;
		};
/* End XCConfigurationList section */

/* Begin XCRemoteSwiftPackageReference section */
		3E89009C25E5A220003AEF71 /* XCRemoteSwiftPackageReference "neumorphic" */ = {
			isa = XCRemoteSwiftPackageReference;
			repositoryURL = "https://github.com/costachung/neumorphic/";
			requirement = {
				kind = upToNextMajorVersion;
				minimumVersion = 2.0.5;
			};
		};
		3E8900A025E5A244003AEF71 /* XCRemoteSwiftPackageReference "ChartView" */ = {
			isa = XCRemoteSwiftPackageReference;
			repositoryURL = "https://github.com/AppPear/ChartView";
			requirement = {
				kind = upToNextMajorVersion;
				minimumVersion = 1.5.4;
			};
		};
		3EABB17325F897F5007FCD66 /* XCRemoteSwiftPackageReference "url-image" */ = {
			isa = XCRemoteSwiftPackageReference;
			repositoryURL = "https://github.com/dmytro-anokhin/url-image";
			requirement = {
				kind = upToNextMajorVersion;
				minimumVersion = 2.2.3;
			};
		};
/* End XCRemoteSwiftPackageReference section */

/* Begin XCSwiftPackageProductDependency section */
		3E89009D25E5A220003AEF71 /* Neumorphic */ = {
			isa = XCSwiftPackageProductDependency;
			package = 3E89009C25E5A220003AEF71 /* XCRemoteSwiftPackageReference "neumorphic" */;
			productName = Neumorphic;
		};
		3E8900A125E5A244003AEF71 /* SwiftUICharts */ = {
			isa = XCSwiftPackageProductDependency;
			package = 3E8900A025E5A244003AEF71 /* XCRemoteSwiftPackageReference "ChartView" */;
			productName = SwiftUICharts;
		};
		3EABB17425F897F5007FCD66 /* URLImage */ = {
			isa = XCSwiftPackageProductDependency;
			package = 3EABB17325F897F5007FCD66 /* XCRemoteSwiftPackageReference "url-image" */;
			productName = URLImage;
		};
/* End XCSwiftPackageProductDependency section */
	};
	rootObject = 3E89004225E5A0DA003AEF71 /* Project object */;
}
