{
  "object": {
    "pins": [
      {
        "package": "SwiftUICharts",
        "repositoryURL": "https://github.com/AppPear/ChartView",
        "state": {
          "branch": null,
          "revision": "4699847a9ac0c694666cea3acef133498952566e",
          "version": "1.5.4"
        }
      },
      {
        "package": "Neumorphic",
        "repositoryURL": "https://github.com/costachung/neumorphic/",
        "state": {
          "branch": null,
          "revision": "3fa56e844a5e375ff3d38e3c770886bcc949f6f5",
          "version": "2.0.5"
        }
      }
    ]
  },
  "version": 1
}
